
Microsoft Visual Studio Solution File, Format Version 12.00
# Visual Studio Version 17
VisualStudioVersion = 17.14.36811.4
MinimumVisualStudioVersion = 10.0.40219.1
Project("{FAE04EC0-301F-11D3-BF4B-00C04F79EFBC}") = "Sales Management", "Sales Management\Sales Management.csproj", "{ABCE74F6-C043-4FA8-95D1-712DAB99E857}"
EndProject
Global
	GlobalSection(SolutionConfigurationPlatforms) = preSolution
		Debug|Any CPU = Debug|Any CPU
		Release|Any CPU = Release|Any CPU
	EndGlobalSection
	GlobalSection(ProjectConfigurationPlatforms) = postSolution
		{ABCE74F6-C043-4FA8-95D1-712DAB99E857}.Debug|Any CPU.ActiveCfg = Debug|Any CPU
		{ABCE74F6-C043-4FA8-95D1-712DAB99E857}.Debug|Any CPU.Build.0 = Debug|Any CPU
		{ABCE74F6-C043-4FA8-95D1-712DAB99E857}.Release|Any CPU.ActiveCfg = Release|Any CPU
		{ABCE74F6-C043-4FA8-95D1-712DAB99E857}.Release|Any CPU.Build.0 = Release|Any CPU
	EndGlobalSection
	GlobalSection(SolutionProperties) = preSolution
		HideSolutionNode = FALSE
	EndGlobalSection
	GlobalSection(ExtensibilityGlobals) = postSolution
		SolutionGuid = {F2E2E48F-985E-4440-A111-0D60FEEE3A84}
	EndGlobalSection
EndGlobal
