
Microsoft Visual Studio Solution File, Format Version 12.00
# Visual Studio Version 17
VisualStudioVersion = 17.14.36811.4
MinimumVisualStudioVersion = 10.0.40219.1
Project("{FAE04EC0-301F-11D3-BF4B-00C04F79EFBC}") = "SalesManagement.Web", "Sales Management\SalesManagement.Web.csproj", "{EFE312D1-49B1-49CE-BD12-9418752D2195}"
EndProject
Project("{FAE04EC0-301F-11D3-BF4B-00C04F79EFBC}") = "SalesManagement.DAL", "SalesManagement.DAL\SalesManagement.DAL.csproj", "{D2AD6FEB-B113-4EAC-BF7F-FD752EEF284C}"
EndProject
Project("{FAE04EC0-301F-11D3-BF4B-00C04F79EFBC}") = "SalesManagement.BLL", "SalesManagement.BLL\SalesManagement.BLL.csproj", "{60F4DDD6-6ABA-4E2F-B4BC-4C46600118A5}"
EndProject
Global
	GlobalSection(SolutionConfigurationPlatforms) = preSolution
		Debug|Any CPU = Debug|Any CPU
		Debug|x64 = Debug|x64
		Debug|x86 = Debug|x86
		Release|Any CPU = Release|Any CPU
		Release|x64 = Release|x64
		Release|x86 = Release|x86
	EndGlobalSection
	GlobalSection(ProjectConfigurationPlatforms) = postSolution
		{EFE312D1-49B1-49CE-BD12-9418752D2195}.Debug|Any CPU.ActiveCfg = Debug|Any CPU
		{EFE312D1-49B1-49CE-BD12-9418752D2195}.Debug|Any CPU.Build.0 = Debug|Any CPU
		{EFE312D1-49B1-49CE-BD12-9418752D2195}.Debug|x64.ActiveCfg = Debug|Any CPU
		{EFE312D1-49B1-49CE-BD12-9418752D2195}.Debug|x64.Build.0 = Debug|Any CPU
		{EFE312D1-49B1-49CE-BD12-9418752D2195}.Debug|x86.ActiveCfg = Debug|Any CPU
		{EFE312D1-49B1-49CE-BD12-9418752D2195}.Debug|x86.Build.0 = Debug|Any CPU
		{EFE312D1-49B1-49CE-BD12-9418752D2195}.Release|Any CPU.ActiveCfg = Release|Any CPU
		{EFE312D1-49B1-49CE-BD12-9418752D2195}.Release|Any CPU.Build.0 = Release|Any CPU
		{EFE312D1-49B1-49CE-BD12-9418752D2195}.Release|x64.ActiveCfg = Release|Any CPU
		{EFE312D1-49B1-49CE-BD12-9418752D2195}.Release|x64.Build.0 = Release|Any CPU
		{EFE312D1-49B1-49CE-BD12-9418752D2195}.Release|x86.ActiveCfg = Release|Any CPU
		{EFE312D1-49B1-49CE-BD12-9418752D2195}.Release|x86.Build.0 = Release|Any CPU
		{D2AD6FEB-B113-4EAC-BF7F-FD752EEF284C}.Debug|Any CPU.ActiveCfg = Debug|Any CPU
		{D2AD6FEB-B113-4EAC-BF7F-FD752EEF284C}.Debug|Any CPU.Build.0 = Debug|Any CPU
		{D2AD6FEB-B113-4EAC-BF7F-FD752EEF284C}.Debug|x64.ActiveCfg = Debug|Any CPU
		{D2AD6FEB-B113-4EAC-BF7F-FD752EEF284C}.Debug|x64.Build.0 = Debug|Any CPU
		{D2AD6FEB-B113-4EAC-BF7F-FD752EEF284C}.Debug|x86.ActiveCfg = Debug|Any CPU
		{D2AD6FEB-B113-4EAC-BF7F-FD752EEF284C}.Debug|x86.Build.0 = Debug|Any CPU
		{D2AD6FEB-B113-4EAC-BF7F-FD752EEF284C}.Release|Any CPU.ActiveCfg = Release|Any CPU
		{D2AD6FEB-B113-4EAC-BF7F-FD752EEF284C}.Release|Any CPU.Build.0 = Release|Any CPU
		{D2AD6FEB-B113-4EAC-BF7F-FD752EEF284C}.Release|x64.ActiveCfg = Release|Any CPU
		{D2AD6FEB-B113-4EAC-BF7F-FD752EEF284C}.Release|x64.Build.0 = Release|Any CPU
		{D2AD6FEB-B113-4EAC-BF7F-FD752EEF284C}.Release|x86.ActiveCfg = Release|Any CPU
		{D2AD6FEB-B113-4EAC-BF7F-FD752EEF284C}.Release|x86.Build.0 = Release|Any CPU
		{60F4DDD6-6ABA-4E2F-B4BC-4C46600118A5}.Debug|Any CPU.ActiveCfg = Debug|Any CPU
		{60F4DDD6-6ABA-4E2F-B4BC-4C46600118A5}.Debug|Any CPU.Build.0 = Debug|Any CPU
		{60F4DDD6-6ABA-4E2F-B4BC-4C46600118A5}.Debug|x64.ActiveCfg = Debug|Any CPU
		{60F4DDD6-6ABA-4E2F-B4BC-4C46600118A5}.Debug|x64.Build.0 = Debug|Any CPU
		{60F4DDD6-6ABA-4E2F-B4BC-4C46600118A5}.Debug|x86.ActiveCfg = Debug|Any CPU
		{60F4DDD6-6ABA-4E2F-B4BC-4C46600118A5}.Debug|x86.Build.0 = Debug|Any CPU
		{60F4DDD6-6ABA-4E2F-B4BC-4C46600118A5}.Release|Any CPU.ActiveCfg = Release|Any CPU
		{60F4DDD6-6ABA-4E2F-B4BC-4C46600118A5}.Release|Any CPU.Build.0 = Release|Any CPU
		{60F4DDD6-6ABA-4E2F-B4BC-4C46600118A5}.Release|x64.ActiveCfg = Release|Any CPU
		{60F4DDD6-6ABA-4E2F-B4BC-4C46600118A5}.Release|x64.Build.0 = Release|Any CPU
		{60F4DDD6-6ABA-4E2F-B4BC-4C46600118A5}.Release|x86.ActiveCfg = Release|Any CPU
		{60F4DDD6-6ABA-4E2F-B4BC-4C46600118A5}.Release|x86.Build.0 = Release|Any CPU
	EndGlobalSection
	GlobalSection(SolutionProperties) = preSolution
		HideSolutionNode = FALSE
	EndGlobalSection
	GlobalSection(ExtensibilityGlobals) = postSolution
		SolutionGuid = {F2E2E48F-985E-4440-A111-0D60FEEE3A84}
	EndGlobalSection
EndGlobal
